
Microsoft Visual Studio Solution File, Format Version 12.00
# Visual Studio Version 16
VisualStudioVersion = 16.0.31005.135
MinimumVisualStudioVersion = 10.0.40219.1
Project("{FAE04EC0-301F-11D3-BF4B-00C04F79EFBC}") = "WpfApp1", "WpfApp1\WpfApp1.csproj", "{1F458598-4B84-46E2-BAFE-CF01339842F6}"
EndProject
Global
	GlobalSection(SolutionConfigurationPlatforms) = preSolution
		Debug|Any CPU = Debug|Any CPU
		Release|Any CPU = Release|Any CPU
	EndGlobalSection
	GlobalSection(ProjectConfigurationPlatforms) = postSolution
		{1F458598-4B84-46E2-BAFE-CF01339842F6}.Debug|Any CPU.ActiveCfg = Debug|Any CPU
		{1F458598-4B84-46E2-BAFE-CF01339842F6}.Debug|Any CPU.Build.0 = Debug|Any CPU
		{1F458598-4B84-46E2-BAFE-CF01339842F6}.Release|Any CPU.ActiveCfg = Release|Any CPU
		{1F458598-4B84-46E2-BAFE-CF01339842F6}.Release|Any CPU.Build.0 = Release|Any CPU
	EndGlobalSection
	GlobalSection(SolutionProperties) = preSolution
		HideSolutionNode = FALSE
	EndGlobalSection
	GlobalSection(ExtensibilityGlobals) = postSolution
		SolutionGuid = {4C2D04E0-168C-468F-B516-DDE7387955C3}
	EndGlobalSection
EndGlobal
